
Microsoft Visual Studio Solution File, Format Version 12.00
# Visual Studio 15
VisualStudioVersion = 15.0.28010.2041
MinimumVisualStudioVersion = 10.0.40219.1
Project("{2150E333-8FDC-42A3-9474-1A3956D46DE8}") = "Solution Items", "Solution Items", "{B5BAE634-0875-47F3-87D8-59E85A9F58D6}"
	ProjectSection(SolutionItems) = preProject
		..\LICENSE = ..\LICENSE
		..\README.md = ..\README.md
		..\REPORT.md = ..\REPORT.md
	EndProjectSection
EndProject
Project("{8BC9CEB8-8B4A-11D0-8D11-00A0C91BC942}") = "DODRC", "DODRC\DODRC.vcxproj", "{461A52C1-37E1-4FE3-9E70-93AFDEE8EA2D}"
EndProject
Project("{8BC9CEB8-8B4A-11D0-8D11-00A0C91BC942}") = "DODShare", "DODShare\DODShare.vcxproj", "{AE2BA2F3-8F68-443D-B452-2C61A6B5136D}"
EndProject
Global
	GlobalSection(SolutionConfigurationPlatforms) = preSolution
		Debug|x64 = Debug|x64
		Debug|x86 = Debug|x86
		Release|x64 = Release|x64
		Release|x86 = Release|x86
	EndGlobalSection
	GlobalSection(ProjectConfigurationPlatforms) = postSolution
		{461A52C1-37E1-4FE3-9E70-93AFDEE8EA2D}.Debug|x64.ActiveCfg = Debug|x64
		{461A52C1-37E1-4FE3-9E70-93AFDEE8EA2D}.Debug|x64.Build.0 = Debug|x64
		{461A52C1-37E1-4FE3-9E70-93AFDEE8EA2D}.Debug|x86.ActiveCfg = Debug|Win32
		{461A52C1-37E1-4FE3-9E70-93AFDEE8EA2D}.Debug|x86.Build.0 = Debug|Win32
		{461A52C1-37E1-4FE3-9E70-93AFDEE8EA2D}.Release|x64.ActiveCfg = Release|x64
		{461A52C1-37E1-4FE3-9E70-93AFDEE8EA2D}.Release|x64.Build.0 = Release|x64
		{461A52C1-37E1-4FE3-9E70-93AFDEE8EA2D}.Release|x86.ActiveCfg = Release|Win32
		{461A52C1-37E1-4FE3-9E70-93AFDEE8EA2D}.Release|x86.Build.0 = Release|Win32
		{AE2BA2F3-8F68-443D-B452-2C61A6B5136D}.Debug|x64.ActiveCfg = Debug|x64
		{AE2BA2F3-8F68-443D-B452-2C61A6B5136D}.Debug|x64.Build.0 = Debug|x64
		{AE2BA2F3-8F68-443D-B452-2C61A6B5136D}.Debug|x86.ActiveCfg = Debug|Win32
		{AE2BA2F3-8F68-443D-B452-2C61A6B5136D}.Debug|x86.Build.0 = Debug|Win32
		{AE2BA2F3-8F68-443D-B452-2C61A6B5136D}.Release|x64.ActiveCfg = Release|x64
		{AE2BA2F3-8F68-443D-B452-2C61A6B5136D}.Release|x64.Build.0 = Release|x64
		{AE2BA2F3-8F68-443D-B452-2C61A6B5136D}.Release|x86.ActiveCfg = Release|Win32
		{AE2BA2F3-8F68-443D-B452-2C61A6B5136D}.Release|x86.Build.0 = Release|Win32
	EndGlobalSection
	GlobalSection(SolutionProperties) = preSolution
		HideSolutionNode = FALSE
	EndGlobalSection
	GlobalSection(ExtensibilityGlobals) = postSolution
		SolutionGuid = {50790C07-382B-4848-855A-D204D094208D}
	EndGlobalSection
EndGlobal
